
Microsoft Visual Studio Solution File, Format Version 12.00
# Visual Studio Version 16
VisualStudioVersion = 16.0.30104.148
MinimumVisualStudioVersion = 10.0.40219.1
Project("{FAE04EC0-301F-11D3-BF4B-00C04F79EFBC}") = "PokerIS", "PokerIS.csproj", "{8482AA41-244A-42F3-A426-5F95FD4D4155}"
EndProject
Global
	GlobalSection(SolutionConfigurationPlatforms) = preSolution
		Debug|Any CPU = Debug|Any CPU
		Release|Any CPU = Release|Any CPU
	EndGlobalSection
	GlobalSection(ProjectConfigurationPlatforms) = postSolution
		{8482AA41-244A-42F3-A426-5F95FD4D4155}.Debug|Any CPU.ActiveCfg = Debug|Any CPU
		{8482AA41-244A-42F3-A426-5F95FD4D4155}.Debug|Any CPU.Build.0 = Debug|Any CPU
		{8482AA41-244A-42F3-A426-5F95FD4D4155}.Release|Any CPU.ActiveCfg = Release|Any CPU
		{8482AA41-244A-42F3-A426-5F95FD4D4155}.Release|Any CPU.Build.0 = Release|Any CPU
	EndGlobalSection
	GlobalSection(SolutionProperties) = preSolution
		HideSolutionNode = FALSE
	EndGlobalSection
	GlobalSection(ExtensibilityGlobals) = postSolution
		SolutionGuid = {8D3F972F-29B7-4D47-A282-1F24D622054A}
	EndGlobalSection
EndGlobal
